
Microsoft Visual Studio Solution File, Format Version 12.00
# Visual Studio Version 17
VisualStudioVersion = 17.8.34322.80
MinimumVisualStudioVersion = 10.0.40219.1
Project("{FAE04EC0-301F-11D3-BF4B-00C04F79EFBC}") = "Crab_API", "Crab_API.csproj", "{C0235545-E84F-4B17-A633-9A2E4C4F7189}"
EndProject
Global
	GlobalSection(SolutionConfigurationPlatforms) = preSolution
		Debug|Any CPU = Debug|Any CPU
		Release|Any CPU = Release|Any CPU
	EndGlobalSection
	GlobalSection(ProjectConfigurationPlatforms) = postSolution
		{C0235545-E84F-4B17-A633-9A2E4C4F7189}.Debug|Any CPU.ActiveCfg = Debug|Any CPU
		{C0235545-E84F-4B17-A633-9A2E4C4F7189}.Debug|Any CPU.Build.0 = Debug|Any CPU
		{C0235545-E84F-4B17-A633-9A2E4C4F7189}.Release|Any CPU.ActiveCfg = Release|Any CPU
		{C0235545-E84F-4B17-A633-9A2E4C4F7189}.Release|Any CPU.Build.0 = Release|Any CPU
	EndGlobalSection
	GlobalSection(SolutionProperties) = preSolution
		HideSolutionNode = FALSE
	EndGlobalSection
	GlobalSection(ExtensibilityGlobals) = postSolution
		SolutionGuid = {31B76729-6D24-4CB8-BEC5-55B4A46F562B}
	EndGlobalSection
EndGlobal
